{
  "name": "ionic-emoji",
  "version": "0.2.0",
  "lockfileVersion": 2,
  "requires": true,
  "packages": {
    "": {
      "name": "ionic-emoji",
      "version": "0.2.0",
      "dependencies": {
        "tslib": "^2.3.0"
      },
      "devDependencies": {
        "@ionic/angular": "^6.1.9"
      },
      "peerDependencies": {
        "@angular/common": "^14.2.4",
        "@angular/core": "^14.2.4",
        "@ionic/angular": "^6.1.9"
      }
    },
    "node_modules/@angular/common": {
      "version": "14.2.4",
      "resolved": "https://registry.npmjs.org/@angular/common/-/common-14.2.4.tgz",
      "integrity": "sha512-nzmRUhdyKomgsf1vUdx7KOXS7OXkvdpF/1CSagqsIGYVLbL8cGZ6ROrdEuxkSsE9GUt/OAIkC4How4/LLPut1A==",
      "peer": true,
      "dependencies": {
        "tslib": "^2.3.0"
      },
      "engines": {
        "node": "^14.15.0 || >=16.10.0"
      },
      "peerDependencies": {
        "@angular/core": "14.2.4",
        "rxjs": "^6.5.3 || ^7.4.0"
      }
    },
    "node_modules/@angular/core": {
      "version": "14.2.4",
      "resolved": "https://registry.npmjs.org/@angular/core/-/core-14.2.4.tgz",
      "integrity": "sha512-wB19wKmZE+X07mLbxYyqeg3v1JXy8m0+ShZD2oY3dmgk1mXOf5XVQxRZohGTrbPw83EdSWwx3vz+jjylGunVZQ==",
      "peer": true,
      "dependencies": {
        "tslib": "^2.3.0"
      },
      "engines": {
        "node": "^14.15.0 || >=16.10.0"
      },
      "peerDependencies": {
        "rxjs": "^6.5.3 || ^7.4.0",
        "zone.js": "~0.11.4"
      }
    },
    "node_modules/@angular/forms": {
      "version": "14.2.4",
      "resolved": "https://registry.npmjs.org/@angular/forms/-/forms-14.2.4.tgz",
      "integrity": "sha512-m1asD8SazzMPzcli054zwLYz7hiXiaCXfqmQOFdQQd3OnPNKeCGDS8GFX7Yd/+3fz4REGeSon9YRhq7/W0TDlA==",
      "dev": true,
      "peer": true,
      "dependencies": {
        "tslib": "^2.3.0"
      },
      "engines": {
        "node": "^14.15.0 || >=16.10.0"
      },
      "peerDependencies": {
        "@angular/common": "14.2.4",
        "@angular/core": "14.2.4",
        "@angular/platform-browser": "14.2.4",
        "rxjs": "^6.5.3 || ^7.4.0"
      }
    },
    "node_modules/@angular/platform-browser": {
      "version": "14.2.4",
      "resolved": "https://registry.npmjs.org/@angular/platform-browser/-/platform-browser-14.2.4.tgz",
      "integrity": "sha512-/NAQXYLgyeb2L15EsaKgGEn50GH/O3t1FOjBvVZg6L423X0H6dIOL4bxbLcKAj9+bUDtdUzDiDoYyt6YEidH+g==",
      "dev": true,
      "peer": true,
      "dependencies": {
        "tslib": "^2.3.0"
      },
      "engines": {
        "node": "^14.15.0 || >=16.10.0"
      },
      "peerDependencies": {
        "@angular/animations": "14.2.4",
        "@angular/common": "14.2.4",
        "@angular/core": "14.2.4"
      },
      "peerDependenciesMeta": {
        "@angular/animations": {
          "optional": true
        }
      }
    },
    "node_modules/@angular/router": {
      "version": "14.2.4",
      "resolved": "https://registry.npmjs.org/@angular/router/-/router-14.2.4.tgz",
      "integrity": "sha512-zjsiy/1zrZfZnfIbo2vVgZ+UhCo3okabVr43eIvJhBwcNKzM8Zv17oN9FFlWvSzKKkbsoNIgJkTI85L1YsKtjg==",
      "dev": true,
      "peer": true,
      "dependencies": {
        "tslib": "^2.3.0"
      },
      "engines": {
        "node": "^14.15.0 || >=16.10.0"
      },
      "peerDependencies": {
        "@angular/common": "14.2.4",
        "@angular/core": "14.2.4",
        "@angular/platform-browser": "14.2.4",
        "rxjs": "^6.5.3 || ^7.4.0"
      }
    },
    "node_modules/@ionic/angular": {
      "version": "6.2.9",
      "resolved": "https://registry.npmjs.org/@ionic/angular/-/angular-6.2.9.tgz",
      "integrity": "sha512-YWK0Hg99vrp4lRqLFxIYA05ZrHR5zyE7fnpIocQRTZrPsstxpeKd9hoqlQzhfB9CsyTQ8skhMnJVLppKAJxr7A==",
      "dev": true,
      "dependencies": {
        "@ionic/core": "^6.2.9",
        "jsonc-parser": "^3.0.0",
        "tslib": "^2.0.0"
      },
      "peerDependencies": {
        "@angular/core": ">=12.0.0",
        "@angular/forms": ">=12.0.0",
        "@angular/router": ">=12.0.0",
        "rxjs": ">=6.6.0",
        "zone.js": ">=0.11.0"
      }
    },
    "node_modules/@ionic/core": {
      "version": "6.2.9",
      "resolved": "https://registry.npmjs.org/@ionic/core/-/core-6.2.9.tgz",
      "integrity": "sha512-d2KBXYUKBND2AD8aMgash3O/t04IDc/DHHMshcOydfNJ5qqAxwJYzZR7hs96UknCcIlhHk1pb5C29epkv7gOcQ==",
      "dev": true,
      "dependencies": {
        "@stencil/core": "^2.18.0",
        "ionicons": "^6.0.3",
        "tslib": "^2.1.0"
      }
    },
    "node_modules/@stencil/core": {
      "version": "2.18.0",
      "resolved": "https://registry.npmjs.org/@stencil/core/-/core-2.18.0.tgz",
      "integrity": "sha512-NLEY8Jq59smyiivBAxHKipsp9YkkW/K/Vm90zAyXQqukb12i2SFucWHJ1Ik7ropVlhmMVvigyxXgRfQ9quIqtg==",
      "dev": true,
      "bin": {
        "stencil": "bin/stencil"
      },
      "engines": {
        "node": ">=12.10.0",
        "npm": ">=6.0.0"
      }
    },
    "node_modules/ionicons": {
      "version": "6.0.3",
      "resolved": "https://registry.npmjs.org/ionicons/-/ionicons-6.0.3.tgz",
      "integrity": "sha512-kVOWER991EMqLiVShrCSWKMHkgHZP7XfVdyN6YPMuoO33W7pc5CPNVNfR8OMe/I8rYEbaunyBs6dXNYpR6gGZw==",
      "dev": true,
      "dependencies": {
        "@stencil/core": "~2.16.0"
      }
    },
    "node_modules/ionicons/node_modules/@stencil/core": {
      "version": "2.16.1",
      "resolved": "https://registry.npmjs.org/@stencil/core/-/core-2.16.1.tgz",
      "integrity": "sha512-s/UJp9qxExL3DyQPT70kiuWeb3AdjbUZM+5lEIXn30I2DLcLYPOPXfsoWJODieQywq+3vPiLZeIdkoqjf6jcSw==",
      "dev": true,
      "bin": {
        "stencil": "bin/stencil"
      },
      "engines": {
        "node": ">=12.10.0",
        "npm": ">=6.0.0"
      }
    },
    "node_modules/jsonc-parser": {
      "version": "3.0.0",
      "resolved": "https://registry.npmjs.org/jsonc-parser/-/jsonc-parser-3.0.0.tgz",
      "integrity": "sha512-fQzRfAbIBnR0IQvftw9FJveWiHp72Fg20giDrHz6TdfB12UH/uue0D3hm57UB5KgAVuniLMCaS8P1IMj9NR7cA==",
      "dev": true
    },
    "node_modules/rxjs": {
      "version": "7.5.7",
      "resolved": "https://registry.npmjs.org/rxjs/-/rxjs-7.5.7.tgz",
      "integrity": "sha512-z9MzKh/UcOqB3i20H6rtrlaE/CgjLOvheWK/9ILrbhROGTweAi1BaFsTT9FbwZi5Trr1qNRs+MXkhmR06awzQA==",
      "peer": true,
      "dependencies": {
        "tslib": "^2.1.0"
      }
    },
    "node_modules/tslib": {
      "version": "2.4.0",
      "resolved": "https://registry.npmjs.org/tslib/-/tslib-2.4.0.tgz",
      "integrity": "sha512-d6xOpEDfsi2CZVlPQzGeux8XMwLT9hssAsaPYExaQMuYskwb+x1x7J371tWlbBdWHroy99KnVB6qIkUbs5X3UQ=="
    },
    "node_modules/zone.js": {
      "version": "0.11.8",
      "resolved": "https://registry.npmjs.org/zone.js/-/zone.js-0.11.8.tgz",
      "integrity": "sha512-82bctBg2hKcEJ21humWIkXRlLBBmrc3nN7DFh5LGGhcyycO2S7FN8NmdvlcKaGFDNVL4/9kFLmwmInTavdJERA==",
      "peer": true,
      "dependencies": {
        "tslib": "^2.3.0"
      }
    }
  },
  "dependencies": {
    "@angular/common": {
      "version": "14.2.4",
      "resolved": "https://registry.npmjs.org/@angular/common/-/common-14.2.4.tgz",
      "integrity": "sha512-nzmRUhdyKomgsf1vUdx7KOXS7OXkvdpF/1CSagqsIGYVLbL8cGZ6ROrdEuxkSsE9GUt/OAIkC4How4/LLPut1A==",
      "peer": true,
      "requires": {
        "tslib": "^2.3.0"
      }
    },
    "@angular/core": {
      "version": "14.2.4",
      "resolved": "https://registry.npmjs.org/@angular/core/-/core-14.2.4.tgz",
      "integrity": "sha512-wB19wKmZE+X07mLbxYyqeg3v1JXy8m0+ShZD2oY3dmgk1mXOf5XVQxRZohGTrbPw83EdSWwx3vz+jjylGunVZQ==",
      "peer": true,
      "requires": {
        "tslib": "^2.3.0"
      }
    },
    "@angular/forms": {
      "version": "14.2.4",
      "resolved": "https://registry.npmjs.org/@angular/forms/-/forms-14.2.4.tgz",
      "integrity": "sha512-m1asD8SazzMPzcli054zwLYz7hiXiaCXfqmQOFdQQd3OnPNKeCGDS8GFX7Yd/+3fz4REGeSon9YRhq7/W0TDlA==",
      "dev": true,
      "peer": true,
      "requires": {
        "tslib": "^2.3.0"
      }
    },
    "@angular/platform-browser": {
      "version": "14.2.4",
      "resolved": "https://registry.npmjs.org/@angular/platform-browser/-/platform-browser-14.2.4.tgz",
      "integrity": "sha512-/NAQXYLgyeb2L15EsaKgGEn50GH/O3t1FOjBvVZg6L423X0H6dIOL4bxbLcKAj9+bUDtdUzDiDoYyt6YEidH+g==",
      "dev": true,
      "peer": true,
      "requires": {
        "tslib": "^2.3.0"
      }
    },
    "@angular/router": {
      "version": "14.2.4",
      "resolved": "https://registry.npmjs.org/@angular/router/-/router-14.2.4.tgz",
      "integrity": "sha512-zjsiy/1zrZfZnfIbo2vVgZ+UhCo3okabVr43eIvJhBwcNKzM8Zv17oN9FFlWvSzKKkbsoNIgJkTI85L1YsKtjg==",
      "dev": true,
      "peer": true,
      "requires": {
        "tslib": "^2.3.0"
      }
    },
    "@ionic/angular": {
      "version": "6.2.9",
      "resolved": "https://registry.npmjs.org/@ionic/angular/-/angular-6.2.9.tgz",
      "integrity": "sha512-YWK0Hg99vrp4lRqLFxIYA05ZrHR5zyE7fnpIocQRTZrPsstxpeKd9hoqlQzhfB9CsyTQ8skhMnJVLppKAJxr7A==",
      "dev": true,
      "requires": {
        "@ionic/core": "^6.2.9",
        "jsonc-parser": "^3.0.0",
        "tslib": "^2.0.0"
      }
    },
    "@ionic/core": {
      "version": "6.2.9",
      "resolved": "https://registry.npmjs.org/@ionic/core/-/core-6.2.9.tgz",
      "integrity": "sha512-d2KBXYUKBND2AD8aMgash3O/t04IDc/DHHMshcOydfNJ5qqAxwJYzZR7hs96UknCcIlhHk1pb5C29epkv7gOcQ==",
      "dev": true,
      "requires": {
        "@stencil/core": "^2.18.0",
        "ionicons": "^6.0.3",
        "tslib": "^2.1.0"
      }
    },
    "@stencil/core": {
      "version": "2.18.0",
      "resolved": "https://registry.npmjs.org/@stencil/core/-/core-2.18.0.tgz",
      "integrity": "sha512-NLEY8Jq59smyiivBAxHKipsp9YkkW/K/Vm90zAyXQqukb12i2SFucWHJ1Ik7ropVlhmMVvigyxXgRfQ9quIqtg==",
      "dev": true
    },
    "ionicons": {
      "version": "6.0.3",
      "resolved": "https://registry.npmjs.org/ionicons/-/ionicons-6.0.3.tgz",
      "integrity": "sha512-kVOWER991EMqLiVShrCSWKMHkgHZP7XfVdyN6YPMuoO33W7pc5CPNVNfR8OMe/I8rYEbaunyBs6dXNYpR6gGZw==",
      "dev": true,
      "requires": {
        "@stencil/core": "~2.16.0"
      },
      "dependencies": {
        "@stencil/core": {
          "version": "2.16.1",
          "resolved": "https://registry.npmjs.org/@stencil/core/-/core-2.16.1.tgz",
          "integrity": "sha512-s/UJp9qxExL3DyQPT70kiuWeb3AdjbUZM+5lEIXn30I2DLcLYPOPXfsoWJODieQywq+3vPiLZeIdkoqjf6jcSw==",
          "dev": true
        }
      }
    },
    "jsonc-parser": {
      "version": "3.0.0",
      "resolved": "https://registry.npmjs.org/jsonc-parser/-/jsonc-parser-3.0.0.tgz",
      "integrity": "sha512-fQzRfAbIBnR0IQvftw9FJveWiHp72Fg20giDrHz6TdfB12UH/uue0D3hm57UB5KgAVuniLMCaS8P1IMj9NR7cA==",
      "dev": true
    },
    "rxjs": {
      "version": "7.5.7",
      "resolved": "https://registry.npmjs.org/rxjs/-/rxjs-7.5.7.tgz",
      "integrity": "sha512-z9MzKh/UcOqB3i20H6rtrlaE/CgjLOvheWK/9ILrbhROGTweAi1BaFsTT9FbwZi5Trr1qNRs+MXkhmR06awzQA==",
      "peer": true,
      "requires": {
        "tslib": "^2.1.0"
      }
    },
    "tslib": {
      "version": "2.4.0",
      "resolved": "https://registry.npmjs.org/tslib/-/tslib-2.4.0.tgz",
      "integrity": "sha512-d6xOpEDfsi2CZVlPQzGeux8XMwLT9hssAsaPYExaQMuYskwb+x1x7J371tWlbBdWHroy99KnVB6qIkUbs5X3UQ=="
    },
    "zone.js": {
      "version": "0.11.8",
      "resolved": "https://registry.npmjs.org/zone.js/-/zone.js-0.11.8.tgz",
      "integrity": "sha512-82bctBg2hKcEJ21humWIkXRlLBBmrc3nN7DFh5LGGhcyycO2S7FN8NmdvlcKaGFDNVL4/9kFLmwmInTavdJERA==",
      "peer": true,
      "requires": {
        "tslib": "^2.3.0"
      }
    }
  }
}
